
Microsoft Visual Studio Solution File, Format Version 12.00
# Visual Studio Version 16
VisualStudioVersion = 16.0.30907.101
MinimumVisualStudioVersion = 10.0.40219.1
Project("{FAE04EC0-301F-11D3-BF4B-00C04F79EFBC}") = "Biblioteca", "Biblioteca\Biblioteca.csproj", "{553A17D4-EFC0-4E3C-A1D4-D292CB6B31CC}"
EndProject
Project("{FAE04EC0-301F-11D3-BF4B-00C04F79EFBC}") = "FrmPrincipal", "FrmPrincipal\FrmPrincipal.csproj", "{764BEDEE-C405-43E4-8A2F-C3B10024FBE2}"
EndProject
Global
	GlobalSection(SolutionConfigurationPlatforms) = preSolution
		Debug|Any CPU = Debug|Any CPU
		Release|Any CPU = Release|Any CPU
	EndGlobalSection
	GlobalSection(ProjectConfigurationPlatforms) = postSolution
		{553A17D4-EFC0-4E3C-A1D4-D292CB6B31CC}.Debug|Any CPU.ActiveCfg = Debug|Any CPU
		{553A17D4-EFC0-4E3C-A1D4-D292CB6B31CC}.Debug|Any CPU.Build.0 = Debug|Any CPU
		{553A17D4-EFC0-4E3C-A1D4-D292CB6B31CC}.Release|Any CPU.ActiveCfg = Release|Any CPU
		{553A17D4-EFC0-4E3C-A1D4-D292CB6B31CC}.Release|Any CPU.Build.0 = Release|Any CPU
		{764BEDEE-C405-43E4-8A2F-C3B10024FBE2}.Debug|Any CPU.ActiveCfg = Debug|Any CPU
		{764BEDEE-C405-43E4-8A2F-C3B10024FBE2}.Debug|Any CPU.Build.0 = Debug|Any CPU
		{764BEDEE-C405-43E4-8A2F-C3B10024FBE2}.Release|Any CPU.ActiveCfg = Release|Any CPU
		{764BEDEE-C405-43E4-8A2F-C3B10024FBE2}.Release|Any CPU.Build.0 = Release|Any CPU
	EndGlobalSection
	GlobalSection(SolutionProperties) = preSolution
		HideSolutionNode = FALSE
	EndGlobalSection
	GlobalSection(ExtensibilityGlobals) = postSolution
		SolutionGuid = {F91AEC08-6385-444C-AFA2-073A90A3B70F}
	EndGlobalSection
EndGlobal
